
Microsoft Visual Studio Solution File, Format Version 12.00
Project("{FAE04EC0-301F-11D3-BF4B-00C04F79EFBC}") = "Api", "Api\Api.csproj", "{CDFDF409-1ACA-4555-A43E-9DB8E7C2F218}"
EndProject
Project("{FAE04EC0-301F-11D3-BF4B-00C04F79EFBC}") = "Domain", "Domain\Domain.csproj", "{59282777-BD03-4C6A-9561-057EDA1C6B39}"
EndProject
Project("{FAE04EC0-301F-11D3-BF4B-00C04F79EFBC}") = "Data", "Data\Data.csproj", "{5D0EDA5C-8C9B-4F04-A0AB-FE359A3014D8}"
EndProject
Project("{FAE04EC0-301F-11D3-BF4B-00C04F79EFBC}") = "Application", "Application\Application.csproj", "{53F0BBFD-CBD0-4671-BDCB-6B617C72B7BD}"
EndProject
Project("{2150E333-8FDC-42A3-9474-1A3956D46DE8}") = "src", "src", "{EBAEE0D2-A005-4587-B13A-18F97E650A5A}"
EndProject
Project("{2150E333-8FDC-42A3-9474-1A3956D46DE8}") = "tests", "tests", "{E66953AB-3264-4D64-9FFA-ABB5CB7C451F}"
EndProject
Project("{FAE04EC0-301F-11D3-BF4B-00C04F79EFBC}") = "Application.UnitTests", "Application.UnitTests\Application.UnitTests.csproj", "{5399F295-3E6F-4DF0-AB83-A060867C77E9}"
EndProject
Global
	GlobalSection(SolutionConfigurationPlatforms) = preSolution
		Debug|Any CPU = Debug|Any CPU
		Release|Any CPU = Release|Any CPU
	EndGlobalSection
	GlobalSection(ProjectConfigurationPlatforms) = postSolution
		{CDFDF409-1ACA-4555-A43E-9DB8E7C2F218}.Debug|Any CPU.ActiveCfg = Debug|Any CPU
		{CDFDF409-1ACA-4555-A43E-9DB8E7C2F218}.Debug|Any CPU.Build.0 = Debug|Any CPU
		{CDFDF409-1ACA-4555-A43E-9DB8E7C2F218}.Release|Any CPU.ActiveCfg = Release|Any CPU
		{CDFDF409-1ACA-4555-A43E-9DB8E7C2F218}.Release|Any CPU.Build.0 = Release|Any CPU
		{59282777-BD03-4C6A-9561-057EDA1C6B39}.Debug|Any CPU.ActiveCfg = Debug|Any CPU
		{59282777-BD03-4C6A-9561-057EDA1C6B39}.Debug|Any CPU.Build.0 = Debug|Any CPU
		{59282777-BD03-4C6A-9561-057EDA1C6B39}.Release|Any CPU.ActiveCfg = Release|Any CPU
		{59282777-BD03-4C6A-9561-057EDA1C6B39}.Release|Any CPU.Build.0 = Release|Any CPU
		{5D0EDA5C-8C9B-4F04-A0AB-FE359A3014D8}.Debug|Any CPU.ActiveCfg = Debug|Any CPU
		{5D0EDA5C-8C9B-4F04-A0AB-FE359A3014D8}.Debug|Any CPU.Build.0 = Debug|Any CPU
		{5D0EDA5C-8C9B-4F04-A0AB-FE359A3014D8}.Release|Any CPU.ActiveCfg = Release|Any CPU
		{5D0EDA5C-8C9B-4F04-A0AB-FE359A3014D8}.Release|Any CPU.Build.0 = Release|Any CPU
		{53F0BBFD-CBD0-4671-BDCB-6B617C72B7BD}.Debug|Any CPU.ActiveCfg = Debug|Any CPU
		{53F0BBFD-CBD0-4671-BDCB-6B617C72B7BD}.Debug|Any CPU.Build.0 = Debug|Any CPU
		{53F0BBFD-CBD0-4671-BDCB-6B617C72B7BD}.Release|Any CPU.ActiveCfg = Release|Any CPU
		{53F0BBFD-CBD0-4671-BDCB-6B617C72B7BD}.Release|Any CPU.Build.0 = Release|Any CPU
		{5399F295-3E6F-4DF0-AB83-A060867C77E9}.Debug|Any CPU.ActiveCfg = Debug|Any CPU
		{5399F295-3E6F-4DF0-AB83-A060867C77E9}.Debug|Any CPU.Build.0 = Debug|Any CPU
		{5399F295-3E6F-4DF0-AB83-A060867C77E9}.Release|Any CPU.ActiveCfg = Release|Any CPU
		{5399F295-3E6F-4DF0-AB83-A060867C77E9}.Release|Any CPU.Build.0 = Release|Any CPU
	EndGlobalSection
	GlobalSection(NestedProjects) = preSolution
		{CDFDF409-1ACA-4555-A43E-9DB8E7C2F218} = {EBAEE0D2-A005-4587-B13A-18F97E650A5A}
		{53F0BBFD-CBD0-4671-BDCB-6B617C72B7BD} = {EBAEE0D2-A005-4587-B13A-18F97E650A5A}
		{5D0EDA5C-8C9B-4F04-A0AB-FE359A3014D8} = {EBAEE0D2-A005-4587-B13A-18F97E650A5A}
		{59282777-BD03-4C6A-9561-057EDA1C6B39} = {EBAEE0D2-A005-4587-B13A-18F97E650A5A}
		{5399F295-3E6F-4DF0-AB83-A060867C77E9} = {E66953AB-3264-4D64-9FFA-ABB5CB7C451F}
	EndGlobalSection
EndGlobal
